
Microsoft Visual Studio Solution File, Format Version 12.00
# Visual Studio Version 16
VisualStudioVersion = 16.0.30804.86
MinimumVisualStudioVersion = 10.0.40219.1
Project("{FAE04EC0-301F-11D3-BF4B-00C04F79EFBC}") = "Tinode.ChatBot.DemoNet46", "Tinode.ChatBot.DemoNet46\Tinode.ChatBot.DemoNet46.csproj", "{B40386E3-EE17-4709-B6FD-0202C8B6983B}"
EndProject
Project("{9A19103F-16F7-4668-BE54-9A1E7A4F7556}") = "Tinode.ChatBot", "Tinode.ChatBot\Tinode.ChatBot.csproj", "{7ED0D9CF-EF11-4BE2-A7CA-AD8395F2A254}"
EndProject
Project("{9A19103F-16F7-4668-BE54-9A1E7A4F7556}") = "Tinode.ChatBot.DemoNetCore", "Tinode.ChatBot.DemoNetCore\Tinode.ChatBot.DemoNetCore.csproj", "{C4CA23ED-33AA-4B91-A6D2-C5C3C30D76B7}"
EndProject
Project("{2150E333-8FDC-42A3-9474-1A3956D46DE8}") = "pbx", "pbx", "{E7E257B0-B717-41A3-BECF-369064E396B2}"
	ProjectSection(SolutionItems) = preProject
		pbx\generate_proto.bat = pbx\generate_proto.bat
		pbx\generate_proto.sh = pbx\generate_proto.sh
		pbx\Model.cs = pbx\Model.cs
		pbx\model.proto = pbx\model.proto
		pbx\ModelGrpc.cs = pbx\ModelGrpc.cs
	EndProjectSection
EndProject
Project("{2150E333-8FDC-42A3-9474-1A3956D46DE8}") = "NewFolder1", "NewFolder1", "{F4FF3578-8957-4AE6-9A4B-4BDF564D2D66}"
EndProject
Project("{2150E333-8FDC-42A3-9474-1A3956D46DE8}") = "ApplicationCore", "ApplicationCore", "{9767DCC7-5984-4058-BA39-E4E886F74D8F}"
EndProject
Project("{2150E333-8FDC-42A3-9474-1A3956D46DE8}") = "Domain", "Domain", "{9317BA8C-0056-4E42-BE36-9F08BAB84991}"
EndProject
Project("{2150E333-8FDC-42A3-9474-1A3956D46DE8}") = "Infrastructure", "Infrastructure", "{B09220A0-F1A9-424E-AF7F-E7ED2E6BA543}"
EndProject
Project("{9A19103F-16F7-4668-BE54-9A1E7A4F7556}") = "Application", "Application\Application.csproj", "{45040766-22E9-417D-960B-3A91BA25AB57}"
EndProject
Project("{9A19103F-16F7-4668-BE54-9A1E7A4F7556}") = "Domain", "Domain\Domain.csproj", "{BB314657-74F8-44D3-90C6-3C63AE396957}"
EndProject
Project("{9A19103F-16F7-4668-BE54-9A1E7A4F7556}") = "Repository", "Repository\Repository.csproj", "{861308AA-DBF5-45CF-9B05-64A49FB5B456}"
EndProject
Project("{9A19103F-16F7-4668-BE54-9A1E7A4F7556}") = "Infrastructure", "Infra\Infrastructure.csproj", "{7983B07C-388D-4F2D-9BB9-0B8C67DA9A87}"
EndProject
Project("{9A19103F-16F7-4668-BE54-9A1E7A4F7556}") = "IoC", "Ioc\IoC.csproj", "{0D7A72EB-47D1-492E-8A64-037B9BA23FF9}"
EndProject
Global
	GlobalSection(SolutionConfigurationPlatforms) = preSolution
		Debug|Any CPU = Debug|Any CPU
		Release|Any CPU = Release|Any CPU
	EndGlobalSection
	GlobalSection(ProjectConfigurationPlatforms) = postSolution
		{B40386E3-EE17-4709-B6FD-0202C8B6983B}.Debug|Any CPU.ActiveCfg = Debug|Any CPU
		{B40386E3-EE17-4709-B6FD-0202C8B6983B}.Debug|Any CPU.Build.0 = Debug|Any CPU
		{B40386E3-EE17-4709-B6FD-0202C8B6983B}.Release|Any CPU.ActiveCfg = Release|Any CPU
		{B40386E3-EE17-4709-B6FD-0202C8B6983B}.Release|Any CPU.Build.0 = Release|Any CPU
		{7ED0D9CF-EF11-4BE2-A7CA-AD8395F2A254}.Debug|Any CPU.ActiveCfg = Debug|Any CPU
		{7ED0D9CF-EF11-4BE2-A7CA-AD8395F2A254}.Debug|Any CPU.Build.0 = Debug|Any CPU
		{7ED0D9CF-EF11-4BE2-A7CA-AD8395F2A254}.Release|Any CPU.ActiveCfg = Release|Any CPU
		{7ED0D9CF-EF11-4BE2-A7CA-AD8395F2A254}.Release|Any CPU.Build.0 = Release|Any CPU
		{C4CA23ED-33AA-4B91-A6D2-C5C3C30D76B7}.Debug|Any CPU.ActiveCfg = Debug|Any CPU
		{C4CA23ED-33AA-4B91-A6D2-C5C3C30D76B7}.Debug|Any CPU.Build.0 = Debug|Any CPU
		{C4CA23ED-33AA-4B91-A6D2-C5C3C30D76B7}.Release|Any CPU.ActiveCfg = Release|Any CPU
		{C4CA23ED-33AA-4B91-A6D2-C5C3C30D76B7}.Release|Any CPU.Build.0 = Release|Any CPU
		{45040766-22E9-417D-960B-3A91BA25AB57}.Debug|Any CPU.ActiveCfg = Debug|Any CPU
		{45040766-22E9-417D-960B-3A91BA25AB57}.Debug|Any CPU.Build.0 = Debug|Any CPU
		{45040766-22E9-417D-960B-3A91BA25AB57}.Release|Any CPU.ActiveCfg = Release|Any CPU
		{45040766-22E9-417D-960B-3A91BA25AB57}.Release|Any CPU.Build.0 = Release|Any CPU
		{BB314657-74F8-44D3-90C6-3C63AE396957}.Debug|Any CPU.ActiveCfg = Debug|Any CPU
		{BB314657-74F8-44D3-90C6-3C63AE396957}.Debug|Any CPU.Build.0 = Debug|Any CPU
		{BB314657-74F8-44D3-90C6-3C63AE396957}.Release|Any CPU.ActiveCfg = Release|Any CPU
		{BB314657-74F8-44D3-90C6-3C63AE396957}.Release|Any CPU.Build.0 = Release|Any CPU
		{861308AA-DBF5-45CF-9B05-64A49FB5B456}.Debug|Any CPU.ActiveCfg = Debug|Any CPU
		{861308AA-DBF5-45CF-9B05-64A49FB5B456}.Debug|Any CPU.Build.0 = Debug|Any CPU
		{861308AA-DBF5-45CF-9B05-64A49FB5B456}.Release|Any CPU.ActiveCfg = Release|Any CPU
		{861308AA-DBF5-45CF-9B05-64A49FB5B456}.Release|Any CPU.Build.0 = Release|Any CPU
		{7983B07C-388D-4F2D-9BB9-0B8C67DA9A87}.Debug|Any CPU.ActiveCfg = Debug|Any CPU
		{7983B07C-388D-4F2D-9BB9-0B8C67DA9A87}.Debug|Any CPU.Build.0 = Debug|Any CPU
		{7983B07C-388D-4F2D-9BB9-0B8C67DA9A87}.Release|Any CPU.ActiveCfg = Release|Any CPU
		{7983B07C-388D-4F2D-9BB9-0B8C67DA9A87}.Release|Any CPU.Build.0 = Release|Any CPU
		{0D7A72EB-47D1-492E-8A64-037B9BA23FF9}.Debug|Any CPU.ActiveCfg = Debug|Any CPU
		{0D7A72EB-47D1-492E-8A64-037B9BA23FF9}.Debug|Any CPU.Build.0 = Debug|Any CPU
		{0D7A72EB-47D1-492E-8A64-037B9BA23FF9}.Release|Any CPU.ActiveCfg = Release|Any CPU
		{0D7A72EB-47D1-492E-8A64-037B9BA23FF9}.Release|Any CPU.Build.0 = Release|Any CPU
	EndGlobalSection
	GlobalSection(SolutionProperties) = preSolution
		HideSolutionNode = FALSE
	EndGlobalSection
	GlobalSection(NestedProjects) = preSolution
		{F4FF3578-8957-4AE6-9A4B-4BDF564D2D66} = {E7E257B0-B717-41A3-BECF-369064E396B2}
		{45040766-22E9-417D-960B-3A91BA25AB57} = {9767DCC7-5984-4058-BA39-E4E886F74D8F}
		{BB314657-74F8-44D3-90C6-3C63AE396957} = {9317BA8C-0056-4E42-BE36-9F08BAB84991}
		{861308AA-DBF5-45CF-9B05-64A49FB5B456} = {9317BA8C-0056-4E42-BE36-9F08BAB84991}
		{7983B07C-388D-4F2D-9BB9-0B8C67DA9A87} = {B09220A0-F1A9-424E-AF7F-E7ED2E6BA543}
		{0D7A72EB-47D1-492E-8A64-037B9BA23FF9} = {B09220A0-F1A9-424E-AF7F-E7ED2E6BA543}
	EndGlobalSection
	GlobalSection(ExtensibilityGlobals) = postSolution
		SolutionGuid = {5F6495E4-8961-4CE7-A296-89A69C6EF600}
	EndGlobalSection
EndGlobal
